
Microsoft Visual Studio Solution File, Format Version 12.00
# Visual Studio Version 16
VisualStudioVersion = 16.0.30406.217
MinimumVisualStudioVersion = 10.0.40219.1
Project("{9A19103F-16F7-4668-BE54-9A1E7A4F7556}") = "VendaBC.Domain", "VendaDDD.Domain\VendaBC.Domain.csproj", "{1F92B579-CF50-4ED2-917B-BCA678D6FCF5}"
EndProject
Project("{9A19103F-16F7-4668-BE54-9A1E7A4F7556}") = "SharedKernel", "VendaDDD.Shared\SharedKernel.csproj", "{689063ED-357D-441A-A4F2-8C9731A5172B}"
EndProject
Project("{9A19103F-16F7-4668-BE54-9A1E7A4F7556}") = "VendaBC.Tests", "VendaDDD.Tests\VendaBC.Tests.csproj", "{7D82C9A1-BA2E-4793-96FE-BCDFB52D47C0}"
EndProject
Project("{2150E333-8FDC-42A3-9474-1A3956D46DE8}") = "Venda", "Venda", "{44C9076E-2105-4BC4-8A12-37D2202AA9C5}"
EndProject
Project("{2150E333-8FDC-42A3-9474-1A3956D46DE8}") = "Shared", "Shared", "{24766E61-3F72-4ABA-8F61-FF2344CF5866}"
EndProject
Project("{9A19103F-16F7-4668-BE54-9A1E7A4F7556}") = "SharedKernel.Tests", "SharedKernel.Tests\SharedKernel.Tests.csproj", "{6CE98459-EFE5-498F-B463-D78F73EA1D05}"
EndProject
Project("{2150E333-8FDC-42A3-9474-1A3956D46DE8}") = "Seguranca", "Seguranca", "{13A2D6B9-A066-4FD2-A4E3-057B97DDAA8E}"
EndProject
Project("{9A19103F-16F7-4668-BE54-9A1E7A4F7556}") = "SegurancaBC.Domain", "SegurancaBC.Domain\SegurancaBC.Domain.csproj", "{55A4268C-B5BA-4EDC-8C2A-571E0EBA214B}"
EndProject
Project("{9A19103F-16F7-4668-BE54-9A1E7A4F7556}") = "WebApi", "WebApi\WebApi.csproj", "{7281161C-2551-43B6-8709-1BCDBF5131A1}"
EndProject
Project("{9A19103F-16F7-4668-BE54-9A1E7A4F7556}") = "Infrastructure", "Infrastructure\Infrastructure.csproj", "{AD588442-94A9-4D96-91F7-D27602C335EE}"
EndProject
Project("{2150E333-8FDC-42A3-9474-1A3956D46DE8}") = "Infra", "Infra", "{3CCEA887-C017-4050-BA81-D07D3BB43802}"
EndProject
Project("{FAE04EC0-301F-11D3-BF4B-00C04F79EFBC}") = "Infrastructure.Tests", "Infrastructure.Tests\Infrastructure.Tests.csproj", "{D6ACABF4-5251-4CD8-96FC-2AFBFF248DF1}"
EndProject
Global
	GlobalSection(SolutionConfigurationPlatforms) = preSolution
		Debug|Any CPU = Debug|Any CPU
		Release|Any CPU = Release|Any CPU
	EndGlobalSection
	GlobalSection(ProjectConfigurationPlatforms) = postSolution
		{1F92B579-CF50-4ED2-917B-BCA678D6FCF5}.Debug|Any CPU.ActiveCfg = Debug|Any CPU
		{1F92B579-CF50-4ED2-917B-BCA678D6FCF5}.Debug|Any CPU.Build.0 = Debug|Any CPU
		{1F92B579-CF50-4ED2-917B-BCA678D6FCF5}.Release|Any CPU.ActiveCfg = Release|Any CPU
		{1F92B579-CF50-4ED2-917B-BCA678D6FCF5}.Release|Any CPU.Build.0 = Release|Any CPU
		{689063ED-357D-441A-A4F2-8C9731A5172B}.Debug|Any CPU.ActiveCfg = Debug|Any CPU
		{689063ED-357D-441A-A4F2-8C9731A5172B}.Debug|Any CPU.Build.0 = Debug|Any CPU
		{689063ED-357D-441A-A4F2-8C9731A5172B}.Release|Any CPU.ActiveCfg = Release|Any CPU
		{689063ED-357D-441A-A4F2-8C9731A5172B}.Release|Any CPU.Build.0 = Release|Any CPU
		{7D82C9A1-BA2E-4793-96FE-BCDFB52D47C0}.Debug|Any CPU.ActiveCfg = Debug|Any CPU
		{7D82C9A1-BA2E-4793-96FE-BCDFB52D47C0}.Debug|Any CPU.Build.0 = Debug|Any CPU
		{7D82C9A1-BA2E-4793-96FE-BCDFB52D47C0}.Release|Any CPU.ActiveCfg = Release|Any CPU
		{7D82C9A1-BA2E-4793-96FE-BCDFB52D47C0}.Release|Any CPU.Build.0 = Release|Any CPU
		{6CE98459-EFE5-498F-B463-D78F73EA1D05}.Debug|Any CPU.ActiveCfg = Debug|Any CPU
		{6CE98459-EFE5-498F-B463-D78F73EA1D05}.Debug|Any CPU.Build.0 = Debug|Any CPU
		{6CE98459-EFE5-498F-B463-D78F73EA1D05}.Release|Any CPU.ActiveCfg = Release|Any CPU
		{6CE98459-EFE5-498F-B463-D78F73EA1D05}.Release|Any CPU.Build.0 = Release|Any CPU
		{55A4268C-B5BA-4EDC-8C2A-571E0EBA214B}.Debug|Any CPU.ActiveCfg = Debug|Any CPU
		{55A4268C-B5BA-4EDC-8C2A-571E0EBA214B}.Debug|Any CPU.Build.0 = Debug|Any CPU
		{55A4268C-B5BA-4EDC-8C2A-571E0EBA214B}.Release|Any CPU.ActiveCfg = Release|Any CPU
		{55A4268C-B5BA-4EDC-8C2A-571E0EBA214B}.Release|Any CPU.Build.0 = Release|Any CPU
		{7281161C-2551-43B6-8709-1BCDBF5131A1}.Debug|Any CPU.ActiveCfg = Debug|Any CPU
		{7281161C-2551-43B6-8709-1BCDBF5131A1}.Debug|Any CPU.Build.0 = Debug|Any CPU
		{7281161C-2551-43B6-8709-1BCDBF5131A1}.Release|Any CPU.ActiveCfg = Release|Any CPU
		{7281161C-2551-43B6-8709-1BCDBF5131A1}.Release|Any CPU.Build.0 = Release|Any CPU
		{AD588442-94A9-4D96-91F7-D27602C335EE}.Debug|Any CPU.ActiveCfg = Debug|Any CPU
		{AD588442-94A9-4D96-91F7-D27602C335EE}.Debug|Any CPU.Build.0 = Debug|Any CPU
		{AD588442-94A9-4D96-91F7-D27602C335EE}.Release|Any CPU.ActiveCfg = Release|Any CPU
		{AD588442-94A9-4D96-91F7-D27602C335EE}.Release|Any CPU.Build.0 = Release|Any CPU
		{D6ACABF4-5251-4CD8-96FC-2AFBFF248DF1}.Debug|Any CPU.ActiveCfg = Debug|Any CPU
		{D6ACABF4-5251-4CD8-96FC-2AFBFF248DF1}.Debug|Any CPU.Build.0 = Debug|Any CPU
		{D6ACABF4-5251-4CD8-96FC-2AFBFF248DF1}.Release|Any CPU.ActiveCfg = Release|Any CPU
		{D6ACABF4-5251-4CD8-96FC-2AFBFF248DF1}.Release|Any CPU.Build.0 = Release|Any CPU
	EndGlobalSection
	GlobalSection(SolutionProperties) = preSolution
		HideSolutionNode = FALSE
	EndGlobalSection
	GlobalSection(NestedProjects) = preSolution
		{1F92B579-CF50-4ED2-917B-BCA678D6FCF5} = {44C9076E-2105-4BC4-8A12-37D2202AA9C5}
		{689063ED-357D-441A-A4F2-8C9731A5172B} = {24766E61-3F72-4ABA-8F61-FF2344CF5866}
		{7D82C9A1-BA2E-4793-96FE-BCDFB52D47C0} = {44C9076E-2105-4BC4-8A12-37D2202AA9C5}
		{6CE98459-EFE5-498F-B463-D78F73EA1D05} = {24766E61-3F72-4ABA-8F61-FF2344CF5866}
		{55A4268C-B5BA-4EDC-8C2A-571E0EBA214B} = {13A2D6B9-A066-4FD2-A4E3-057B97DDAA8E}
		{AD588442-94A9-4D96-91F7-D27602C335EE} = {3CCEA887-C017-4050-BA81-D07D3BB43802}
		{D6ACABF4-5251-4CD8-96FC-2AFBFF248DF1} = {3CCEA887-C017-4050-BA81-D07D3BB43802}
	EndGlobalSection
	GlobalSection(ExtensibilityGlobals) = postSolution
		SolutionGuid = {A27EF464-6F52-4C1F-AEC0-E6EB57705969}
	EndGlobalSection
EndGlobal
